
Microsoft Visual Studio Solution File, Format Version 12.00
# Visual Studio Version 16
VisualStudioVersion = 16.0.31005.135
MinimumVisualStudioVersion = 10.0.40219.1
Project("{FAE04EC0-301F-11D3-BF4B-00C04F79EFBC}") = "Deliverable2", "Deliverable2\Deliverable2.csproj", "{A005A419-9614-4E1C-9B45-63949ACFCE50}"
EndProject
Global
	GlobalSection(SolutionConfigurationPlatforms) = preSolution
		Debug|Any CPU = Debug|Any CPU
		Release|Any CPU = Release|Any CPU
	EndGlobalSection
	GlobalSection(ProjectConfigurationPlatforms) = postSolution
		{A005A419-9614-4E1C-9B45-63949ACFCE50}.Debug|Any CPU.ActiveCfg = Debug|Any CPU
		{A005A419-9614-4E1C-9B45-63949ACFCE50}.Debug|Any CPU.Build.0 = Debug|Any CPU
		{A005A419-9614-4E1C-9B45-63949ACFCE50}.Release|Any CPU.ActiveCfg = Release|Any CPU
		{A005A419-9614-4E1C-9B45-63949ACFCE50}.Release|Any CPU.Build.0 = Release|Any CPU
	EndGlobalSection
	GlobalSection(SolutionProperties) = preSolution
		HideSolutionNode = FALSE
	EndGlobalSection
	GlobalSection(ExtensibilityGlobals) = postSolution
		SolutionGuid = {848A7F78-EDF5-4759-ADCA-CB97C88AA2E3}
	EndGlobalSection
EndGlobal
